
Microsoft Visual Studio Solution File, Format Version 12.00
# Visual Studio 14
VisualStudioVersion = 14.0.24720.0
MinimumVisualStudioVersion = 10.0.40219.1
Project("{FAE04EC0-301F-11D3-BF4B-00C04F79EFBC}") = "CPTS422HW1", "CPTS422HW1\CPTS422HW1.csproj", "{F13598ED-D0CE-4DAE-93DF-0D7A2D68585A}"
EndProject
Project("{FAE04EC0-301F-11D3-BF4B-00C04F79EFBC}") = "CS422", "CS422\CS422.csproj", "{F264E159-AB4F-47AE-85B7-E58546B1B884}"
EndProject
Global
	GlobalSection(SolutionConfigurationPlatforms) = preSolution
		Debug|Any CPU = Debug|Any CPU
		Release|Any CPU = Release|Any CPU
	EndGlobalSection
	GlobalSection(ProjectConfigurationPlatforms) = postSolution
		{F13598ED-D0CE-4DAE-93DF-0D7A2D68585A}.Debug|Any CPU.ActiveCfg = Debug|Any CPU
		{F13598ED-D0CE-4DAE-93DF-0D7A2D68585A}.Debug|Any CPU.Build.0 = Debug|Any CPU
		{F13598ED-D0CE-4DAE-93DF-0D7A2D68585A}.Release|Any CPU.ActiveCfg = Release|Any CPU
		{F13598ED-D0CE-4DAE-93DF-0D7A2D68585A}.Release|Any CPU.Build.0 = Release|Any CPU
		{F264E159-AB4F-47AE-85B7-E58546B1B884}.Debug|Any CPU.ActiveCfg = Debug|Any CPU
		{F264E159-AB4F-47AE-85B7-E58546B1B884}.Debug|Any CPU.Build.0 = Debug|Any CPU
		{F264E159-AB4F-47AE-85B7-E58546B1B884}.Release|Any CPU.ActiveCfg = Release|Any CPU
		{F264E159-AB4F-47AE-85B7-E58546B1B884}.Release|Any CPU.Build.0 = Release|Any CPU
	EndGlobalSection
	GlobalSection(SolutionProperties) = preSolution
		HideSolutionNode = FALSE
	EndGlobalSection
EndGlobal
